{
  "name": "@indra.ai/supportdeva",
  "version": "0.0.33",
  "lockfileVersion": 3,
  "requires": true,
  "packages": {
    "": {
      "name": "@indra.ai/supportdeva",
      "version": "0.0.33",
      "license": "MIT",
      "devDependencies": {
        "@indra.ai/deva": "^1.1.118"
      }
    },
    "node_modules/@indra.ai/deva": {
      "version": "1.1.118",
      "resolved": "https://registry.npmjs.org/@indra.ai/deva/-/deva-1.1.118.tgz",
      "integrity": "sha512-IqiJKCTQyuwYdv9njoOiQhliBo874/n84zD1Yy4+5jW21SX+0detn17NWP7owC4IH9bp75VxrQxhQ+2x/FrQlw==",
      "dev": true,
      "engines": {
        "node": ">=18.16.0",
        "npm": ">=9.5.1"
      }
    }
  }
}
