{
  "name": "@indra.ai/deva.support",
  "version": "0.7.1",
  "lockfileVersion": 3,
  "requires": true,
  "packages": {
    "": {
      "name": "@indra.ai/deva.support",
      "version": "0.7.1",
      "funding": [
        {
          "type": "paypal",
          "url": "https://paypal.me/rahulaclub"
        },
        {
          "type": "patreon",
          "url": "https://patreon.com/rahulaclub"
        }
      ],
      "license": "VLA:47847759280011485514 LICENSE.md",
      "devDependencies": {
        "@indra.ai/deva": "^1.30.0"
      }
    },
    "node_modules/@indra.ai/deva": {
      "version": "1.30.0",
      "resolved": "https://registry.npmjs.org/@indra.ai/deva/-/deva-1.30.0.tgz",
      "integrity": "sha512-+R3jULN468DhUhNA403MI2+QNJYn/qQmFA13wS8z8iraEvc+/kYrf/RwX7mZm9ReKl5MyH2K/CMlXOiwJbgmbw==",
      "dev": true,
      "funding": [
        {
          "type": "paypal",
          "url": "https://paypal.me/rahulaclub"
        },
        {
          "type": "patreon",
          "url": "https://patreon.com/rahulaclub"
        }
      ],
      "license": "VLA:38159520729793885324 LICENSE.md",
      "engines": {
        "node": ">=18.16.0",
        "npm": ">=9.5.1"
      }
    }
  }
}
