{
  "name": "@indra.ai/supportdeva",
  "version": "0.0.35",
  "lockfileVersion": 3,
  "requires": true,
  "packages": {
    "": {
      "name": "@indra.ai/supportdeva",
      "version": "0.0.35",
      "license": "MIT",
      "devDependencies": {
        "@indra.ai/deva": "^1.1.122"
      }
    },
    "node_modules/@indra.ai/deva": {
      "version": "1.1.122",
      "resolved": "https://registry.npmjs.org/@indra.ai/deva/-/deva-1.1.122.tgz",
      "integrity": "sha512-Dre3+tal8QF0IXDPkfP3Pj3a2bpw1+jbPjwnMGX1j3H8G1B+VkLJn76q8eV+hakCswCxKv1Z4rvGadMy4/ALfg==",
      "dev": true,
      "engines": {
        "node": ">=18.16.0",
        "npm": ">=9.5.1"
      }
    }
  }
}
